<?xml version="1.0" encoding="UTF-8"?>
<Scheme
   version = "1.3">
   <BuildAction>
      <BuildActionEntries>
         <BuildActionEntry
            buildForRunning = "YES">
            <BuildableReference
               BuildableIdentifier = "primary"
               BlueprintIdentifier = "0C4263BCD703758315CECD7D"
               BuildableName = "DigitalEduiOS.app"
               BlueprintName = "DigitalEduiOS"
               ReferencedContainer = "container:DigitalEduiOS.xcodeproj">
            </BuildableReference>
         </BuildActionEntry>
      </BuildActionEntries>
   </BuildAction>
   <LaunchAction
      useCustomWorkingDirectory = "NO"
      buildConfiguration = "Debug"
      allowLocationSimulation = "YES">
      <BuildableProductRunnable>
         <BuildableReference
            BuildableIdentifier = "primary"
            BlueprintIdentifier = "0C4263BCD703758315CECD7D"
            BuildableName = "DigitalEduiOS.app"
            BlueprintName = "DigitalEduiOS"
            ReferencedContainer = "container:DigitalEduiOS.xcodeproj">
         </BuildableReference>
      </BuildableProductRunnable>
   </LaunchAction>
</Scheme>
